
Microsoft Visual Studio Solution File, Format Version 12.00
# Visual Studio Version 17
VisualStudioVersion = 17.6.33815.320
MinimumVisualStudioVersion = 10.0.40219.1
Project("{FAE04EC0-301F-11D3-BF4B-00C04F79EFBC}") = "Space Invaders", "Space Invaders\Space Invaders.csproj", "{046D0B74-0465-4DCE-9297-8B0A00F93A5B}"
EndProject
Global
	GlobalSection(SolutionConfigurationPlatforms) = preSolution
		Debug|Any CPU = Debug|Any CPU
		Release|Any CPU = Release|Any CPU
	EndGlobalSection
	GlobalSection(ProjectConfigurationPlatforms) = postSolution
		{046D0B74-0465-4DCE-9297-8B0A00F93A5B}.Debug|Any CPU.ActiveCfg = Debug|Any CPU
		{046D0B74-0465-4DCE-9297-8B0A00F93A5B}.Debug|Any CPU.Build.0 = Debug|Any CPU
		{046D0B74-0465-4DCE-9297-8B0A00F93A5B}.Release|Any CPU.ActiveCfg = Release|Any CPU
		{046D0B74-0465-4DCE-9297-8B0A00F93A5B}.Release|Any CPU.Build.0 = Release|Any CPU
	EndGlobalSection
	GlobalSection(SolutionProperties) = preSolution
		HideSolutionNode = FALSE
	EndGlobalSection
	GlobalSection(ExtensibilityGlobals) = postSolution
		SolutionGuid = {D7EFFFDB-120F-4190-814A-4FFDF7F6D8CE}
	EndGlobalSection
EndGlobal
